
Microsoft Visual Studio Solution File, Format Version 12.00
# Visual Studio 2012
Project("{FAE04EC0-301F-11D3-BF4B-00C04F79EFBC}") = "Assignment8", "Assignment8\Assignment8.csproj", "{F905016F-0509-48E3-8CC4-8CBC2F08690D}"
EndProject
Global
	GlobalSection(SolutionConfigurationPlatforms) = preSolution
		Debug|Any CPU = Debug|Any CPU
		Release|Any CPU = Release|Any CPU
	EndGlobalSection
	GlobalSection(ProjectConfigurationPlatforms) = postSolution
		{F905016F-0509-48E3-8CC4-8CBC2F08690D}.Debug|Any CPU.ActiveCfg = Debug|Any CPU
		{F905016F-0509-48E3-8CC4-8CBC2F08690D}.Debug|Any CPU.Build.0 = Debug|Any CPU
		{F905016F-0509-48E3-8CC4-8CBC2F08690D}.Release|Any CPU.ActiveCfg = Release|Any CPU
		{F905016F-0509-48E3-8CC4-8CBC2F08690D}.Release|Any CPU.Build.0 = Release|Any CPU
	EndGlobalSection
	GlobalSection(SolutionProperties) = preSolution
		HideSolutionNode = FALSE
	EndGlobalSection
EndGlobal
