
Microsoft Visual Studio Solution File, Format Version 12.00
# Visual Studio 2012
Project("{FAE04EC0-301F-11D3-BF4B-00C04F79EFBC}") = "Assignment2", "Assignment2\Assignment2.csproj", "{40782A6E-38C2-4FA4-A294-A622500A0203}"
EndProject
Global
	GlobalSection(SolutionConfigurationPlatforms) = preSolution
		Debug|Any CPU = Debug|Any CPU
		Release|Any CPU = Release|Any CPU
	EndGlobalSection
	GlobalSection(ProjectConfigurationPlatforms) = postSolution
		{40782A6E-38C2-4FA4-A294-A622500A0203}.Debug|Any CPU.ActiveCfg = Debug|Any CPU
		{40782A6E-38C2-4FA4-A294-A622500A0203}.Debug|Any CPU.Build.0 = Debug|Any CPU
		{40782A6E-38C2-4FA4-A294-A622500A0203}.Release|Any CPU.ActiveCfg = Release|Any CPU
		{40782A6E-38C2-4FA4-A294-A622500A0203}.Release|Any CPU.Build.0 = Release|Any CPU
	EndGlobalSection
	GlobalSection(SolutionProperties) = preSolution
		HideSolutionNode = FALSE
	EndGlobalSection
EndGlobal
